
Microsoft Visual Studio Solution File, Format Version 12.00
# Visual Studio Version 17
VisualStudioVersion = 17.7.34031.279
MinimumVisualStudioVersion = 10.0.40219.1
Project("{FAE04EC0-301F-11D3-BF4B-00C04F79EFBC}") = "samostRab_Option_25_ShamilovaHayala", "samostRab_Option_25_ShamilovaHayala\samostRab_Option_25_ShamilovaHayala.csproj", "{427C443E-2870-4B89-ACB0-D08FD7655A29}"
EndProject
Global
	GlobalSection(SolutionConfigurationPlatforms) = preSolution
		Debug|Any CPU = Debug|Any CPU
		Release|Any CPU = Release|Any CPU
	EndGlobalSection
	GlobalSection(ProjectConfigurationPlatforms) = postSolution
		{427C443E-2870-4B89-ACB0-D08FD7655A29}.Debug|Any CPU.ActiveCfg = Debug|Any CPU
		{427C443E-2870-4B89-ACB0-D08FD7655A29}.Debug|Any CPU.Build.0 = Debug|Any CPU
		{427C443E-2870-4B89-ACB0-D08FD7655A29}.Release|Any CPU.ActiveCfg = Release|Any CPU
		{427C443E-2870-4B89-ACB0-D08FD7655A29}.Release|Any CPU.Build.0 = Release|Any CPU
	EndGlobalSection
	GlobalSection(SolutionProperties) = preSolution
		HideSolutionNode = FALSE
	EndGlobalSection
	GlobalSection(ExtensibilityGlobals) = postSolution
		SolutionGuid = {12144103-FBC5-4BA8-8C8E-673C65B94526}
	EndGlobalSection
EndGlobal
